Microsoft Visual Studio Solution File, Format Version 12.00
# Visual Studio 2012
Project("{FAE04EC0-301F-11D3-BF4B-00C04F79EFBC}") = "multiplayer", "multiplayer.csproj", "{FA80655D-4290-475B-A68D-5D1B31A7B577}"
EndProject
Global
	GlobalSection(SolutionConfigurationPlatforms) = preSolution
	Debug|Any CPU = Debug|Any CPU
	ExportDebug|Any CPU = ExportDebug|Any CPU
	ExportRelease|Any CPU = ExportRelease|Any CPU
	EndGlobalSection
	GlobalSection(ProjectConfigurationPlatforms) = postSolution
		{FA80655D-4290-475B-A68D-5D1B31A7B577}.Debug|Any CPU.ActiveCfg = Debug|Any CPU
		{FA80655D-4290-475B-A68D-5D1B31A7B577}.Debug|Any CPU.Build.0 = Debug|Any CPU
		{FA80655D-4290-475B-A68D-5D1B31A7B577}.ExportDebug|Any CPU.ActiveCfg = ExportDebug|Any CPU
		{FA80655D-4290-475B-A68D-5D1B31A7B577}.ExportDebug|Any CPU.Build.0 = ExportDebug|Any CPU
		{FA80655D-4290-475B-A68D-5D1B31A7B577}.ExportRelease|Any CPU.ActiveCfg = ExportRelease|Any CPU
		{FA80655D-4290-475B-A68D-5D1B31A7B577}.ExportRelease|Any CPU.Build.0 = ExportRelease|Any CPU
	EndGlobalSection
EndGlobal
